// !$*UTF8*$!
{
	archiveVersion = 1;
	classes = {
	};
	objectVersion = 56;
	objects = {

/* Begin PBXBuildFile section */
		74AC637728E2F0C300354BD2 /* AppDelegate.swift in Sources */ = {isa = PBXBuildFile; fileRef = 74AC637628E2F0C300354BD2 /* AppDelegate.swift */; };
		74AC637928E2F0C300354BD2 /* SceneDelegate.swift in Sources */ = {isa = PBXBuildFile; fileRef = 74AC637828E2F0C300354BD2 /* SceneDelegate.swift */; };
		74AC637B28E2F0C300354BD2 /* CurrentWeatherViewController.swift in Sources */ = {isa = PBXBuildFile; fileRef = 74AC637A28E2F0C300354BD2 /* CurrentWeatherViewController.swift */; };
		74AC638028E2F0C400354BD2 /* Assets.xcassets in Resources */ = {isa = PBXBuildFile; fileRef = 74AC637F28E2F0C400354BD2 /* Assets.xcassets */; };
		74AC638328E2F0C400354BD2 /* LaunchScreen.storyboard in Resources */ = {isa = PBXBuildFile; fileRef = 74AC638128E2F0C400354BD2 /* LaunchScreen.storyboard */; };
		74AC638E28E2F5F800354BD2 /* CurrentWeatherPresenter.swift in Sources */ = {isa = PBXBuildFile; fileRef = 74AC638D28E2F5F800354BD2 /* CurrentWeatherPresenter.swift */; };
		74AC639228E3048800354BD2 /* Constants.swift in Sources */ = {isa = PBXBuildFile; fileRef = 74AC639128E3048800354BD2 /* Constants.swift */; };
		74AC639528E3089100354BD2 /* UIViewController+Preview.swift in Sources */ = {isa = PBXBuildFile; fileRef = 74AC639428E3089100354BD2 /* UIViewController+Preview.swift */; };
/* End PBXBuildFile section */

/* Begin PBXFileReference section */
		74AC637328E2F0C300354BD2 /* WeatherApp-MVP.app */ = {isa = PBXFileReference; explicitFileType = wrapper.application; includeInIndex = 0; path = "WeatherApp-MVP.app"; sourceTree = BUILT_PRODUCTS_DIR; };
		74AC637628E2F0C300354BD2 /* AppDelegate.swift */ = {isa = PBXFileReference; lastKnownFileType = sourcecode.swift; path = AppDelegate.swift; sourceTree = "<group>"; };
		74AC637828E2F0C300354BD2 /* SceneDelegate.swift */ = {isa = PBXFileReference; lastKnownFileType = sourcecode.swift; path = SceneDelegate.swift; sourceTree = "<group>"; };
		74AC637A28E2F0C300354BD2 /* CurrentWeatherViewController.swift */ = {isa = PBXFileReference; lastKnownFileType = sourcecode.swift; path = CurrentWeatherViewController.swift; sourceTree = "<group>"; };
		74AC637F28E2F0C400354BD2 /* Assets.xcassets */ = {isa = PBXFileReference; lastKnownFileType = folder.assetcatalog; path = Assets.xcassets; sourceTree = "<group>"; };
		74AC638228E2F0C400354BD2 /* Base */ = {isa = PBXFileReference; lastKnownFileType = file.storyboard; name = Base; path = Base.lproj/LaunchScreen.storyboard; sourceTree = "<group>"; };
		74AC638428E2F0C400354BD2 /* Info.plist */ = {isa = PBXFileReference; lastKnownFileType = text.plist.xml; path = Info.plist; sourceTree = "<group>"; };
		74AC638D28E2F5F800354BD2 /* CurrentWeatherPresenter.swift */ = {isa = PBXFileReference; lastKnownFileType = sourcecode.swift; path = CurrentWeatherPresenter.swift; sourceTree = "<group>"; };
		74AC639128E3048800354BD2 /* Constants.swift */ = {isa = PBXFileReference; lastKnownFileType = sourcecode.swift; path = Constants.swift; sourceTree = "<group>"; };
		74AC639428E3089100354BD2 /* UIViewController+Preview.swift */ = {isa = PBXFileReference; lastKnownFileType = sourcecode.swift; path = "UIViewController+Preview.swift"; sourceTree = "<group>"; };
/* End PBXFileReference section */

/* Begin PBXFrameworksBuildPhase section */
		74AC637028E2F0C300354BD2 /* Frameworks */ = {
			isa = PBXFrameworksBuildPhase;
			buildActionMask = 2147483647;
			files = (
			);
			runOnlyForDeploymentPostprocessing = 0;
		};
/* End PBXFrameworksBuildPhase section */

/* Begin PBXGroup section */
		74AC636A28E2F0C300354BD2 = {
			isa = PBXGroup;
			children = (
				74AC637528E2F0C300354BD2 /* WeatherApp-MVP */,
				74AC637428E2F0C300354BD2 /* Products */,
			);
			sourceTree = "<group>";
		};
		74AC637428E2F0C300354BD2 /* Products */ = {
			isa = PBXGroup;
			children = (
				74AC637328E2F0C300354BD2 /* WeatherApp-MVP.app */,
			);
			name = Products;
			sourceTree = "<group>";
		};
		74AC637528E2F0C300354BD2 /* WeatherApp-MVP */ = {
			isa = PBXGroup;
			children = (
				74AC638A28E2F4A900354BD2 /* App */,
				74AC638C28E2F54B00354BD2 /* CurrentWeatherModule */,
				74AC639328E3088100354BD2 /* Extensions */,
				74AC638B28E2F4B900354BD2 /* Resourses */,
			);
			path = "WeatherApp-MVP";
			sourceTree = "<group>";
		};
		74AC638A28E2F4A900354BD2 /* App */ = {
			isa = PBXGroup;
			children = (
				74AC637628E2F0C300354BD2 /* AppDelegate.swift */,
				74AC637828E2F0C300354BD2 /* SceneDelegate.swift */,
			);
			path = App;
			sourceTree = "<group>";
		};
		74AC638B28E2F4B900354BD2 /* Resourses */ = {
			isa = PBXGroup;
			children = (
				74AC639128E3048800354BD2 /* Constants.swift */,
				74AC637F28E2F0C400354BD2 /* Assets.xcassets */,
				74AC638128E2F0C400354BD2 /* LaunchScreen.storyboard */,
				74AC638428E2F0C400354BD2 /* Info.plist */,
			);
			path = Resourses;
			sourceTree = "<group>";
		};
		74AC638C28E2F54B00354BD2 /* CurrentWeatherModule */ = {
			isa = PBXGroup;
			children = (
				74AC638F28E2F62000354BD2 /* View */,
				74AC639028E2F62700354BD2 /* Presenter */,
			);
			path = CurrentWeatherModule;
			sourceTree = "<group>";
		};
		74AC638F28E2F62000354BD2 /* View */ = {
			isa = PBXGroup;
			children = (
				74AC637A28E2F0C300354BD2 /* CurrentWeatherViewController.swift */,
			);
			path = View;
			sourceTree = "<group>";
		};
		74AC639028E2F62700354BD2 /* Presenter */ = {
			isa = PBXGroup;
			children = (
				74AC638D28E2F5F800354BD2 /* CurrentWeatherPresenter.swift */,
			);
			path = Presenter;
			sourceTree = "<group>";
		};
		74AC639328E3088100354BD2 /* Extensions */ = {
			isa = PBXGroup;
			children = (
				74AC639428E3089100354BD2 /* UIViewController+Preview.swift */,
			);
			path = Extensions;
			sourceTree = "<group>";
		};
/* End PBXGroup section */

/* Begin PBXNativeTarget section */
		74AC637228E2F0C300354BD2 /* WeatherApp-MVP */ = {
			isa = PBXNativeTarget;
			buildConfigurationList = 74AC638728E2F0C400354BD2 /* Build configuration list for PBXNativeTarget "WeatherApp-MVP" */;
			buildPhases = (
				74AC636F28E2F0C300354BD2 /* Sources */,
				74AC637028E2F0C300354BD2 /* Frameworks */,
				74AC637128E2F0C300354BD2 /* Resources */,
			);
			buildRules = (
			);
			dependencies = (
			);
			name = "WeatherApp-MVP";
			productName = "WeatherApp-MVP";
			productReference = 74AC637328E2F0C300354BD2 /* WeatherApp-MVP.app */;
			productType = "com.apple.product-type.application";
		};
/* End PBXNativeTarget section */

/* Begin PBXProject section */
		74AC636B28E2F0C300354BD2 /* Project object */ = {
			isa = PBXProject;
			attributes = {
				BuildIndependentTargetsInParallel = 1;
				LastSwiftUpdateCheck = 1400;
				LastUpgradeCheck = 1400;
				TargetAttributes = {
					74AC637228E2F0C300354BD2 = {
						CreatedOnToolsVersion = 14.0;
					};
				};
			};
			buildConfigurationList = 74AC636E28E2F0C300354BD2 /* Build configuration list for PBXProject "WeatherApp-MVP" */;
			compatibilityVersion = "Xcode 14.0";
			developmentRegion = en;
			hasScannedForEncodings = 0;
			knownRegions = (
				en,
				Base,
			);
			mainGroup = 74AC636A28E2F0C300354BD2;
			productRefGroup = 74AC637428E2F0C300354BD2 /* Products */;
			projectDirPath = "";
			projectRoot = "";
			targets = (
				74AC637228E2F0C300354BD2 /* WeatherApp-MVP */,
			);
		};
/* End PBXProject section */

/* Begin PBXResourcesBuildPhase section */
		74AC637128E2F0C300354BD2 /* Resources */ = {
			isa = PBXResourcesBuildPhase;
			buildActionMask = 2147483647;
			files = (
				74AC638328E2F0C400354BD2 /* LaunchScreen.storyboard in Resources */,
				74AC638028E2F0C400354BD2 /* Assets.xcassets in Resources */,
			);
			runOnlyForDeploymentPostprocessing = 0;
		};
/* End PBXResourcesBuildPhase section */

/* Begin PBXSourcesBuildPhase section */
		74AC636F28E2F0C300354BD2 /* Sources */ = {
			isa = PBXSourcesBuildPhase;
			buildActionMask = 2147483647;
			files = (
				74AC639228E3048800354BD2 /* Constants.swift in Sources */,
				74AC637B28E2F0C300354BD2 /* CurrentWeatherViewController.swift in Sources */,
				74AC637728E2F0C300354BD2 /* AppDelegate.swift in Sources */,
				74AC637928E2F0C300354BD2 /* SceneDelegate.swift in Sources */,
				74AC638E28E2F5F800354BD2 /* CurrentWeatherPresenter.swift in Sources */,
				74AC639528E3089100354BD2 /* UIViewController+Preview.swift in Sources */,
			);
			runOnlyForDeploymentPostprocessing = 0;
		};
/* End PBXSourcesBuildPhase section */

/* Begin PBXVariantGroup section */
		74AC638128E2F0C400354BD2 /* LaunchScreen.storyboard */ = {
			isa = PBXVariantGroup;
			children = (
				74AC638228E2F0C400354BD2 /* Base */,
			);
			name = LaunchScreen.storyboard;
			sourceTree = "<group>";
		};
/* End PBXVariantGroup section */

/* Begin XCBuildConfiguration section */
		74AC638528E2F0C400354BD2 /* Debug */ = {
			isa = XCBuildConfiguration;
			buildSettings = {
				ALWAYS_SEARCH_USER_PATHS = NO;
				CLANG_ANALYZER_NONNULL = YES;
				CLANG_ANALYZER_NUMBER_OBJECT_CONVERSION = YES_AGGRESSIVE;
				CLANG_CXX_LANGUAGE_STANDARD = "gnu++20";
				CLANG_ENABLE_MODULES = YES;
				CLANG_ENABLE_OBJC_ARC = YES;
				CLANG_ENABLE_OBJC_WEAK = YES;
				CLANG_WARN_BLOCK_CAPTURE_AUTORELEASING = YES;
				CLANG_WARN_BOOL_CONVERSION = YES;
				CLANG_WARN_COMMA = YES;
				CLANG_WARN_CONSTANT_CONVERSION = YES;
				CLANG_WARN_DEPRECATED_OBJC_IMPLEMENTATIONS = YES;
				CLANG_WARN_DIRECT_OBJC_ISA_USAGE = YES_ERROR;
				CLANG_WARN_DOCUMENTATION_COMMENTS = YES;
				CLANG_WARN_EMPTY_BODY = YES;
				CLANG_WARN_ENUM_CONVERSION = YES;
				CLANG_WARN_INFINITE_RECURSION = YES;
				CLANG_WARN_INT_CONVERSION = YES;
				CLANG_WARN_NON_LITERAL_NULL_CONVERSION = YES;
				CLANG_WARN_OBJC_IMPLICIT_RETAIN_SELF = YES;
				CLANG_WARN_OBJC_LITERAL_CONVERSION = YES;
				CLANG_WARN_OBJC_ROOT_CLASS = YES_ERROR;
				CLANG_WARN_QUOTED_INCLUDE_IN_FRAMEWORK_HEADER = YES;
				CLANG_WARN_RANGE_LOOP_ANALYSIS = YES;
				CLANG_WARN_STRICT_PROTOTYPES = YES;
				CLANG_WARN_SUSPICIOUS_MOVE = YES;
				CLANG_WARN_UNGUARDED_AVAILABILITY = YES_AGGRESSIVE;
				CLANG_WARN_UNREACHABLE_CODE = YES;
				CLANG_WARN__DUPLICATE_METHOD_MATCH = YES;
				COPY_PHASE_STRIP = NO;
				DEBUG_INFORMATION_FORMAT = dwarf;
				ENABLE_STRICT_OBJC_MSGSEND = YES;
				ENABLE_TESTABILITY = YES;
				GCC_C_LANGUAGE_STANDARD = gnu11;
				GCC_DYNAMIC_NO_PIC = NO;
				GCC_NO_COMMON_BLOCKS = YES;
				GCC_OPTIMIZATION_LEVEL = 0;
				GCC_PREPROCESSOR_DEFINITIONS = (
					"DEBUG=1",
					"$(inherited)",
				);
				GCC_WARN_64_TO_32_BIT_CONVERSION = YES;
				GCC_WARN_ABOUT_RETURN_TYPE = YES_ERROR;
				GCC_WARN_UNDECLARED_SELECTOR = YES;
				GCC_WARN_UNINITIALIZED_AUTOS = YES_AGGRESSIVE;
				GCC_WARN_UNUSED_FUNCTION = YES;
				GCC_WARN_UNUSED_VARIABLE = YES;
				IPHONEOS_DEPLOYMENT_TARGET = 13.0;
				MTL_ENABLE_DEBUG_INFO = INCLUDE_SOURCE;
				MTL_FAST_MATH = YES;
				ONLY_ACTIVE_ARCH = YES;
				SDKROOT = iphoneos;
				SWIFT_ACTIVE_COMPILATION_CONDITIONS = DEBUG;
				SWIFT_OPTIMIZATION_LEVEL = "-Onone";
			};
			name = Debug;
		};
		74AC638628E2F0C400354BD2 /* Release */ = {
			isa = XCBuildConfiguration;
			buildSettings = {
				ALWAYS_SEARCH_USER_PATHS = NO;
				CLANG_ANALYZER_NONNULL = YES;
				CLANG_ANALYZER_NUMBER_OBJECT_CONVERSION = YES_AGGRESSIVE;
				CLANG_CXX_LANGUAGE_STANDARD = "gnu++20";
				CLANG_ENABLE_MODULES = YES;
				CLANG_ENABLE_OBJC_ARC = YES;
				CLANG_ENABLE_OBJC_WEAK = YES;
				CLANG_WARN_BLOCK_CAPTURE_AUTORELEASING = YES;
				CLANG_WARN_BOOL_CONVERSION = YES;
				CLANG_WARN_COMMA = YES;
				CLANG_WARN_CONSTANT_CONVERSION = YES;
				CLANG_WARN_DEPRECATED_OBJC_IMPLEMENTATIONS = YES;
				CLANG_WARN_DIRECT_OBJC_ISA_USAGE = YES_ERROR;
				CLANG_WARN_DOCUMENTATION_COMMENTS = YES;
				CLANG_WARN_EMPTY_BODY = YES;
				CLANG_WARN_ENUM_CONVERSION = YES;
				CLANG_WARN_INFINITE_RECURSION = YES;
				CLANG_WARN_INT_CONVERSION = YES;
				CLANG_WARN_NON_LITERAL_NULL_CONVERSION = YES;
				CLANG_WARN_OBJC_IMPLICIT_RETAIN_SELF = YES;
				CLANG_WARN_OBJC_LITERAL_CONVERSION = YES;
				CLANG_WARN_OBJC_ROOT_CLASS = YES_ERROR;
				CLANG_WARN_QUOTED_INCLUDE_IN_FRAMEWORK_HEADER = YES;
				CLANG_WARN_RANGE_LOOP_ANALYSIS = YES;
				CLANG_WARN_STRICT_PROTOTYPES = YES;
				CLANG_WARN_SUSPICIOUS_MOVE = YES;
				CLANG_WARN_UNGUARDED_AVAILABILITY = YES_AGGRESSIVE;
				CLANG_WARN_UNREACHABLE_CODE = YES;
				CLANG_WARN__DUPLICATE_METHOD_MATCH = YES;
				COPY_PHASE_STRIP = NO;
				DEBUG_INFORMATION_FORMAT = "dwarf-with-dsym";
				ENABLE_NS_ASSERTIONS = NO;
				ENABLE_STRICT_OBJC_MSGSEND = YES;
				GCC_C_LANGUAGE_STANDARD = gnu11;
				GCC_NO_COMMON_BLOCKS = YES;
				GCC_WARN_64_TO_32_BIT_CONVERSION = YES;
				GCC_WARN_ABOUT_RETURN_TYPE = YES_ERROR;
				GCC_WARN_UNDECLARED_SELECTOR = YES;
				GCC_WARN_UNINITIALIZED_AUTOS = YES_AGGRESSIVE;
				GCC_WARN_UNUSED_FUNCTION = YES;
				GCC_WARN_UNUSED_VARIABLE = YES;
				IPHONEOS_DEPLOYMENT_TARGET = 13.0;
				MTL_ENABLE_DEBUG_INFO = NO;
				MTL_FAST_MATH = YES;
				SDKROOT = iphoneos;
				SWIFT_COMPILATION_MODE = wholemodule;
				SWIFT_OPTIMIZATION_LEVEL = "-O";
				VALIDATE_PRODUCT = YES;
			};
			name = Release;
		};
		74AC638828E2F0C400354BD2 /* Debug */ = {
			isa = XCBuildConfiguration;
			buildSettings = {
				ASSETCATALOG_COMPILER_APPICON_NAME = AppIcon;
				ASSETCATALOG_COMPILER_GLOBAL_ACCENT_COLOR_NAME = AccentColor;
				CODE_SIGN_STYLE = Automatic;
				CURRENT_PROJECT_VERSION = 1;
				DEVELOPMENT_TEAM = GRJL322676;
				GENERATE_INFOPLIST_FILE = YES;
				INFOPLIST_FILE = "WeatherApp-MVP/Resourses/Info.plist";
				INFOPLIST_KEY_UIApplicationSupportsIndirectInputEvents = YES;
				INFOPLIST_KEY_UILaunchStoryboardName = LaunchScreen;
				INFOPLIST_KEY_UISupportedInterfaceOrientations = UIInterfaceOrientationPortrait;
				INFOPLIST_KEY_UISupportedInterfaceOrientations_iPad = "UIInterfaceOrientationLandscapeLeft UIInterfaceOrientationLandscapeRight UIInterfaceOrientationPortrait UIInterfaceOrientationPortraitUpsideDown";
				IPHONEOS_DEPLOYMENT_TARGET = 15.0;
				LD_RUNPATH_SEARCH_PATHS = (
					"$(inherited)",
					"@executable_path/Frameworks",
				);
				MARKETING_VERSION = 1.0;
				PRODUCT_BUNDLE_IDENTIFIER = "MikhailKosarev.WeatherApp-MVP";
				PRODUCT_NAME = "$(TARGET_NAME)";
				SUPPORTED_PLATFORMS = "iphoneos iphonesimulator";
				SUPPORTS_MACCATALYST = NO;
				SUPPORTS_MAC_DESIGNED_FOR_IPHONE_IPAD = NO;
				SWIFT_EMIT_LOC_STRINGS = YES;
				SWIFT_VERSION = 5.0;
				TARGETED_DEVICE_FAMILY = 1;
			};
			name = Debug;
		};
		74AC638928E2F0C400354BD2 /* Release */ = {
			isa = XCBuildConfiguration;
			buildSettings = {
				ASSETCATALOG_COMPILER_APPICON_NAME = AppIcon;
				ASSETCATALOG_COMPILER_GLOBAL_ACCENT_COLOR_NAME = AccentColor;
				CODE_SIGN_STYLE = Automatic;
				CURRENT_PROJECT_VERSION = 1;
				DEVELOPMENT_TEAM = GRJL322676;
				GENERATE_INFOPLIST_FILE = YES;
				INFOPLIST_FILE = "WeatherApp-MVP/Resourses/Info.plist";
				INFOPLIST_KEY_UIApplicationSupportsIndirectInputEvents = YES;
				INFOPLIST_KEY_UILaunchStoryboardName = LaunchScreen;
				INFOPLIST_KEY_UISupportedInterfaceOrientations = UIInterfaceOrientationPortrait;
				INFOPLIST_KEY_UISupportedInterfaceOrientations_iPad = "UIInterfaceOrientationLandscapeLeft UIInterfaceOrientationLandscapeRight UIInterfaceOrientationPortrait UIInterfaceOrientationPortraitUpsideDown";
				IPHONEOS_DEPLOYMENT_TARGET = 15.0;
				LD_RUNPATH_SEARCH_PATHS = (
					"$(inherited)",
					"@executable_path/Frameworks",
				);
				MARKETING_VERSION = 1.0;
				PRODUCT_BUNDLE_IDENTIFIER = "MikhailKosarev.WeatherApp-MVP";
				PRODUCT_NAME = "$(TARGET_NAME)";
				SUPPORTED_PLATFORMS = "iphoneos iphonesimulator";
				SUPPORTS_MACCATALYST = NO;
				SUPPORTS_MAC_DESIGNED_FOR_IPHONE_IPAD = NO;
				SWIFT_EMIT_LOC_STRINGS = YES;
				SWIFT_VERSION = 5.0;
				TARGETED_DEVICE_FAMILY = 1;
			};
			name = Release;
		};
/* End XCBuildConfiguration section */

/* Begin XCConfigurationList section */
		74AC636E28E2F0C300354BD2 /* Build configuration list for PBXProject "WeatherApp-MVP" */ = {
			isa = XCConfigurationList;
			buildConfigurations = (
				74AC638528E2F0C400354BD2 /* Debug */,
				74AC638628E2F0C400354BD2 /* Release */,
			);
			defaultConfigurationIsVisible = 0;
			defaultConfigurationName = Release;
		};
		74AC638728E2F0C400354BD2 /* Build configuration list for PBXNativeTarget "WeatherApp-MVP" */ = {
			isa = XCConfigurationList;
			buildConfigurations = (
				74AC638828E2F0C400354BD2 /* Debug */,
				74AC638928E2F0C400354BD2 /* Release */,
			);
			defaultConfigurationIsVisible = 0;
			defaultConfigurationName = Release;
		};
/* End XCConfigurationList section */
	};
	rootObject = 74AC636B28E2F0C300354BD2 /* Project object */;
}
